
Microsoft Visual Studio Solution File, Format Version 12.00
# Visual Studio Version 17
VisualStudioVersion = 17.3.32922.545
MinimumVisualStudioVersion = 10.0.40219.1
Project("{9A19103F-16F7-4668-BE54-9A1E7A4F7556}") = "AlchemistNPCLite", "AlchemistNPCLite.csproj", "{20777A8F-433D-491F-9548-8CF038188D58}"
EndProject
Global
	GlobalSection(SolutionConfigurationPlatforms) = preSolution
		Debug|Any CPU = Debug|Any CPU
		Release|Any CPU = Release|Any CPU
	EndGlobalSection
	GlobalSection(ProjectConfigurationPlatforms) = postSolution
		{20777A8F-433D-491F-9548-8CF038188D58}.Debug|Any CPU.ActiveCfg = Debug|Any CPU
		{20777A8F-433D-491F-9548-8CF038188D58}.Debug|Any CPU.Build.0 = Debug|Any CPU
		{20777A8F-433D-491F-9548-8CF038188D58}.Release|Any CPU.ActiveCfg = Release|Any CPU
		{20777A8F-433D-491F-9548-8CF038188D58}.Release|Any CPU.Build.0 = Release|Any CPU
	EndGlobalSection
	GlobalSection(SolutionProperties) = preSolution
		HideSolutionNode = FALSE
	EndGlobalSection
	GlobalSection(ExtensibilityGlobals) = postSolution
		SolutionGuid = {854FAC24-C058-4069-853A-2DA4BA517786}
	EndGlobalSection
EndGlobal
